
Microsoft Visual Studio Solution File, Format Version 12.00
Project("{2150E333-8FDC-42A3-9474-1A3956D46DE8}") = "Samples", "Samples", "{004AF2D8-8D02-4BDF-BD18-752C54D65F1C}"
EndProject
Project("{2150E333-8FDC-42A3-9474-1A3956D46DE8}") = "Tests", "Tests", "{1D0E2BB9-4DDD-4461-A7F4-1B7946FD01CC}"
EndProject
Project("{2150E333-8FDC-42A3-9474-1A3956D46DE8}") = "Extensions", "Extensions", "{987E4CD9-DBFE-40FF-90F7-AAD060CFC781}"
EndProject
Project("{2150E333-8FDC-42A3-9474-1A3956D46DE8}") = "Core", "Core", "{B5ED7EE8-22B3-4119-9F6C-F798C59ADD98}"
EndProject
Project("{2150E333-8FDC-42A3-9474-1A3956D46DE8}") = "Inject", "Inject", "{2D16F101-E8AB-4121-9C61-55249EAA2AB2}"
EndProject
Project("{FAE04EC0-301F-11D3-BF4B-00C04F79EFBC}") = "NosSmooth.Injector", "src\Inject\NosSmooth.Injector\NosSmooth.Injector.csproj", "{CAD71BA8-1AA6-4063-AEA7-6EEC36E1F3CC}"
EndProject
Project("{FAE04EC0-301F-11D3-BF4B-00C04F79EFBC}") = "NosSmooth.Injector.CLI", "src\Inject\NosSmooth.Injector.CLI\NosSmooth.Injector.CLI.csproj", "{49E3C82D-030F-4AB2-B967-FF9B5969E5CE}"
EndProject
Project("{FAE04EC0-301F-11D3-BF4B-00C04F79EFBC}") = "NosSmooth.ChatCommands", "src\Extensions\NosSmooth.ChatCommands\NosSmooth.ChatCommands.csproj", "{5595FD94-F361-4B19-832F-963122099683}"
EndProject
Project("{FAE04EC0-301F-11D3-BF4B-00C04F79EFBC}") = "NosSmooth.LocalBinding", "src\Core\NosSmooth.LocalBinding\NosSmooth.LocalBinding.csproj", "{F3AF1412-596A-4A98-8FEF-AE238177ED5E}"
EndProject
Project("{FAE04EC0-301F-11D3-BF4B-00C04F79EFBC}") = "NosSmooth.LocalClient", "src\Core\NosSmooth.LocalClient\NosSmooth.LocalClient.csproj", "{DC16F0E2-0905-4FA3-9068-966FDE740F94}"
EndProject
Project("{2150E333-8FDC-42A3-9474-1A3956D46DE8}") = "LowLevel", "LowLevel", "{3FEDC05A-980C-4C96-923D-B2CD7D96CD7B}"
EndProject
Project("{2150E333-8FDC-42A3-9474-1A3956D46DE8}") = "External", "External", "{D19F45EC-8E59-4F7C-A4C4-D0BD11C8C32B}"
EndProject
Project("{FAE04EC0-301F-11D3-BF4B-00C04F79EFBC}") = "InterceptNameChanger", "src\Samples\LowLevel\InterceptNameChanger\InterceptNameChanger.csproj", "{BC5A89B8-1191-4BC5-BBF0-B675DF442D5F}"
EndProject
Project("{FAE04EC0-301F-11D3-BF4B-00C04F79EFBC}") = "WalkCommands", "src\Samples\LowLevel\WalkCommands\WalkCommands.csproj", "{CADFC50F-8CEC-4254-99FF-E766DA0B9194}"
EndProject
Project("{FAE04EC0-301F-11D3-BF4B-00C04F79EFBC}") = "SimpleChat", "src\Samples\LowLevel\SimpleChat\SimpleChat.csproj", "{CEC274A0-7FB7-4C21-B52E-DD79AB93DDB4}"
EndProject
Project("{FAE04EC0-301F-11D3-BF4B-00C04F79EFBC}") = "ExternalBrowser", "src\Samples\External\ExternalBrowser\ExternalBrowser.csproj", "{7190312B-CFEE-49D3-8DAB-542C31071E87}"
EndProject
Project("{2150E333-8FDC-42A3-9474-1A3956D46DE8}") = ".metadata", ".metadata", "{FF809515-91A0-442B-9278-F5A474AEB2BB}"
	ProjectSection(SolutionItems) = preProject
		Directory.Build.props = Directory.Build.props
	EndProjectSection
EndProject
Project("{2150E333-8FDC-42A3-9474-1A3956D46DE8}") = "HighLevel", "HighLevel", "{8B99B1BD-0738-40C1-9961-4DBC7AF3E8CE}"
EndProject
Project("{FAE04EC0-301F-11D3-BF4B-00C04F79EFBC}") = "SimplePiiBot", "src\Samples\HighLevel\SimplePiiBot\SimplePiiBot.csproj", "{A93B5A9F-68FC-4A17-AFAC-DAB22B617A50}"
EndProject
Project("{FAE04EC0-301F-11D3-BF4B-00C04F79EFBC}") = "NosSmooth.Extensions.SharedBinding", "src\Extensions\NosSmooth.Extensions.SharedBinding\NosSmooth.Extensions.SharedBinding.csproj", "{59A3D740-88E1-49F4-8AED-859A866F3D7E}"
EndProject
Project("{FAE04EC0-301F-11D3-BF4B-00C04F79EFBC}") = "NosSmooth.Comms.Data", "src\Comms\NosSmooth.Comms.Data\NosSmooth.Comms.Data.csproj", "{3AB8F4E7-19C4-423E-9B40-54BA8D02AFF4}"
EndProject
Global
	GlobalSection(SolutionConfigurationPlatforms) = preSolution
		Debug|Any CPU = Debug|Any CPU
		Release|Any CPU = Release|Any CPU
	EndGlobalSection
	GlobalSection(NestedProjects) = preSolution
		{CAD71BA8-1AA6-4063-AEA7-6EEC36E1F3CC} = {2D16F101-E8AB-4121-9C61-55249EAA2AB2}
		{49E3C82D-030F-4AB2-B967-FF9B5969E5CE} = {2D16F101-E8AB-4121-9C61-55249EAA2AB2}
		{5595FD94-F361-4B19-832F-963122099683} = {987E4CD9-DBFE-40FF-90F7-AAD060CFC781}
		{F3AF1412-596A-4A98-8FEF-AE238177ED5E} = {B5ED7EE8-22B3-4119-9F6C-F798C59ADD98}
		{DC16F0E2-0905-4FA3-9068-966FDE740F94} = {B5ED7EE8-22B3-4119-9F6C-F798C59ADD98}
		{3FEDC05A-980C-4C96-923D-B2CD7D96CD7B} = {004AF2D8-8D02-4BDF-BD18-752C54D65F1C}
		{D19F45EC-8E59-4F7C-A4C4-D0BD11C8C32B} = {004AF2D8-8D02-4BDF-BD18-752C54D65F1C}
		{BC5A89B8-1191-4BC5-BBF0-B675DF442D5F} = {3FEDC05A-980C-4C96-923D-B2CD7D96CD7B}
		{CADFC50F-8CEC-4254-99FF-E766DA0B9194} = {3FEDC05A-980C-4C96-923D-B2CD7D96CD7B}
		{CEC274A0-7FB7-4C21-B52E-DD79AB93DDB4} = {3FEDC05A-980C-4C96-923D-B2CD7D96CD7B}
		{7190312B-CFEE-49D3-8DAB-542C31071E87} = {D19F45EC-8E59-4F7C-A4C4-D0BD11C8C32B}
		{8B99B1BD-0738-40C1-9961-4DBC7AF3E8CE} = {004AF2D8-8D02-4BDF-BD18-752C54D65F1C}
		{A93B5A9F-68FC-4A17-AFAC-DAB22B617A50} = {8B99B1BD-0738-40C1-9961-4DBC7AF3E8CE}
		{59A3D740-88E1-49F4-8AED-859A866F3D7E} = {987E4CD9-DBFE-40FF-90F7-AAD060CFC781}
	EndGlobalSection
	GlobalSection(ProjectConfigurationPlatforms) = postSolution
		{CAD71BA8-1AA6-4063-AEA7-6EEC36E1F3CC}.Debug|Any CPU.ActiveCfg = Debug|Any CPU
		{CAD71BA8-1AA6-4063-AEA7-6EEC36E1F3CC}.Debug|Any CPU.Build.0 = Debug|Any CPU
		{CAD71BA8-1AA6-4063-AEA7-6EEC36E1F3CC}.Release|Any CPU.ActiveCfg = Release|Any CPU
		{CAD71BA8-1AA6-4063-AEA7-6EEC36E1F3CC}.Release|Any CPU.Build.0 = Release|Any CPU
		{49E3C82D-030F-4AB2-B967-FF9B5969E5CE}.Debug|Any CPU.ActiveCfg = Debug|Any CPU
		{49E3C82D-030F-4AB2-B967-FF9B5969E5CE}.Debug|Any CPU.Build.0 = Debug|Any CPU
		{49E3C82D-030F-4AB2-B967-FF9B5969E5CE}.Release|Any CPU.ActiveCfg = Release|Any CPU
		{49E3C82D-030F-4AB2-B967-FF9B5969E5CE}.Release|Any CPU.Build.0 = Release|Any CPU
		{5595FD94-F361-4B19-832F-963122099683}.Debug|Any CPU.ActiveCfg = Debug|Any CPU
		{5595FD94-F361-4B19-832F-963122099683}.Debug|Any CPU.Build.0 = Debug|Any CPU
		{5595FD94-F361-4B19-832F-963122099683}.Release|Any CPU.ActiveCfg = Release|Any CPU
		{5595FD94-F361-4B19-832F-963122099683}.Release|Any CPU.Build.0 = Release|Any CPU
		{F3AF1412-596A-4A98-8FEF-AE238177ED5E}.Debug|Any CPU.ActiveCfg = Debug|Any CPU
		{F3AF1412-596A-4A98-8FEF-AE238177ED5E}.Debug|Any CPU.Build.0 = Debug|Any CPU
		{F3AF1412-596A-4A98-8FEF-AE238177ED5E}.Release|Any CPU.ActiveCfg = Release|Any CPU
		{F3AF1412-596A-4A98-8FEF-AE238177ED5E}.Release|Any CPU.Build.0 = Release|Any CPU
		{DC16F0E2-0905-4FA3-9068-966FDE740F94}.Debug|Any CPU.ActiveCfg = Debug|Any CPU
		{DC16F0E2-0905-4FA3-9068-966FDE740F94}.Debug|Any CPU.Build.0 = Debug|Any CPU
		{DC16F0E2-0905-4FA3-9068-966FDE740F94}.Release|Any CPU.ActiveCfg = Release|Any CPU
		{DC16F0E2-0905-4FA3-9068-966FDE740F94}.Release|Any CPU.Build.0 = Release|Any CPU
		{BC5A89B8-1191-4BC5-BBF0-B675DF442D5F}.Debug|Any CPU.ActiveCfg = Debug|Any CPU
		{BC5A89B8-1191-4BC5-BBF0-B675DF442D5F}.Debug|Any CPU.Build.0 = Debug|Any CPU
		{BC5A89B8-1191-4BC5-BBF0-B675DF442D5F}.Release|Any CPU.ActiveCfg = Release|Any CPU
		{BC5A89B8-1191-4BC5-BBF0-B675DF442D5F}.Release|Any CPU.Build.0 = Release|Any CPU
		{CADFC50F-8CEC-4254-99FF-E766DA0B9194}.Debug|Any CPU.ActiveCfg = Debug|Any CPU
		{CADFC50F-8CEC-4254-99FF-E766DA0B9194}.Debug|Any CPU.Build.0 = Debug|Any CPU
		{CADFC50F-8CEC-4254-99FF-E766DA0B9194}.Release|Any CPU.ActiveCfg = Release|Any CPU
		{CADFC50F-8CEC-4254-99FF-E766DA0B9194}.Release|Any CPU.Build.0 = Release|Any CPU
		{CEC274A0-7FB7-4C21-B52E-DD79AB93DDB4}.Debug|Any CPU.ActiveCfg = Debug|Any CPU
		{CEC274A0-7FB7-4C21-B52E-DD79AB93DDB4}.Debug|Any CPU.Build.0 = Debug|Any CPU
		{CEC274A0-7FB7-4C21-B52E-DD79AB93DDB4}.Release|Any CPU.ActiveCfg = Release|Any CPU
		{CEC274A0-7FB7-4C21-B52E-DD79AB93DDB4}.Release|Any CPU.Build.0 = Release|Any CPU
		{7190312B-CFEE-49D3-8DAB-542C31071E87}.Debug|Any CPU.ActiveCfg = Debug|Any CPU
		{7190312B-CFEE-49D3-8DAB-542C31071E87}.Debug|Any CPU.Build.0 = Debug|Any CPU
		{7190312B-CFEE-49D3-8DAB-542C31071E87}.Release|Any CPU.ActiveCfg = Release|Any CPU
		{7190312B-CFEE-49D3-8DAB-542C31071E87}.Release|Any CPU.Build.0 = Release|Any CPU
		{A93B5A9F-68FC-4A17-AFAC-DAB22B617A50}.Debug|Any CPU.ActiveCfg = Debug|Any CPU
		{A93B5A9F-68FC-4A17-AFAC-DAB22B617A50}.Debug|Any CPU.Build.0 = Debug|Any CPU
		{A93B5A9F-68FC-4A17-AFAC-DAB22B617A50}.Release|Any CPU.ActiveCfg = Release|Any CPU
		{A93B5A9F-68FC-4A17-AFAC-DAB22B617A50}.Release|Any CPU.Build.0 = Release|Any CPU
		{59A3D740-88E1-49F4-8AED-859A866F3D7E}.Debug|Any CPU.ActiveCfg = Debug|Any CPU
		{59A3D740-88E1-49F4-8AED-859A866F3D7E}.Debug|Any CPU.Build.0 = Debug|Any CPU
		{59A3D740-88E1-49F4-8AED-859A866F3D7E}.Release|Any CPU.ActiveCfg = Release|Any CPU
		{59A3D740-88E1-49F4-8AED-859A866F3D7E}.Release|Any CPU.Build.0 = Release|Any CPU
	EndGlobalSection
EndGlobal
